
Microsoft Visual Studio Solution File, Format Version 12.00
# Visual Studio Version 17
VisualStudioVersion = 17.14.36310.24
MinimumVisualStudioVersion = 10.0.40219.1
Project("{8BC9CEB8-8B4A-11D0-8D11-00A0C91BC942}") = "1. Array", "1. Array\1. Array.vcxproj", "{05592561-15AF-4004-95FE-1B391895F469}"
EndProject
Project("{8BC9CEB8-8B4A-11D0-8D11-00A0C91BC942}") = "2. Vector", "2. Vector\2. Vector.vcxproj", "{0529ACE5-82AC-4D7F-B8C8-08E0024770F8}"
EndProject
Project("{8BC9CEB8-8B4A-11D0-8D11-00A0C91BC942}") = "Recursive", "3.Recursive\3.Recursive.vcxproj", "{8A8695F9-1B03-422F-B0D6-3AE0F665924D}"
EndProject
Project("{8BC9CEB8-8B4A-11D0-8D11-00A0C91BC942}") = "3. LinkedList", "3. LinkedList\3. LinkedList.vcxproj", "{60217193-95CE-4F19-A28F-A470D6A87D6C}"
EndProject
Project("{8BC9CEB8-8B4A-11D0-8D11-00A0C91BC942}") = "4.DoubleLinkedList", "4.DoubleLinkedList\4.DoubleLinkedList.vcxproj", "{AFB451CA-68A0-4124-95BC-9749EB3CC88E}"
EndProject
Project("{8BC9CEB8-8B4A-11D0-8D11-00A0C91BC942}") = "5. Stack", "5. Stack\5. Stack.vcxproj", "{C633086A-21B7-4747-8AFA-0F9E504D843F}"
EndProject
Project("{8BC9CEB8-8B4A-11D0-8D11-00A0C91BC942}") = "6. StackMaze", "6. StackMaze\6. StackMaze.vcxproj", "{DD838F5E-27E3-4CEC-A53E-5174B5679DBE}"
EndProject
Project("{8BC9CEB8-8B4A-11D0-8D11-00A0C91BC942}") = "7. StackMaze2", "7. StackMaze2\7. StackMaze2.vcxproj", "{00018C0B-57F3-4A11-B436-7509D4FE90DE}"
EndProject
Project("{8BC9CEB8-8B4A-11D0-8D11-00A0C91BC942}") = "8. Random", "8. Random\8. Random.vcxproj", "{B368D77E-A9B9-42D9-9F3B-61C92A63A8C3}"
EndProject
Project("{8BC9CEB8-8B4A-11D0-8D11-00A0C91BC942}") = "9. BubbleSort", "9. BubbleSort\9. BubbleSort.vcxproj", "{B98C99EE-4ABF-49BA-B2CA-F87305EB6E75}"
EndProject
Project("{8BC9CEB8-8B4A-11D0-8D11-00A0C91BC942}") = "10. Queue", "10. Queue\10. Queue.vcxproj", "{A824F514-3103-4B08-89BC-D6C9C13D5269}"
EndProject
Project("{8BC9CEB8-8B4A-11D0-8D11-00A0C91BC942}") = "11. QueueMaze", "11. QueueMaze\11. QueueMaze.vcxproj", "{5F2BF729-A64C-4380-9190-0575333F05C9}"
EndProject
Project("{8BC9CEB8-8B4A-11D0-8D11-00A0C91BC942}") = "12. Deque", "12. Deque\12. Deque.vcxproj", "{E89D720B-9E8F-4E9B-BBFE-33B507FE972F}"
EndProject
Project("{8BC9CEB8-8B4A-11D0-8D11-00A0C91BC942}") = "13. HashTable", "13. HashTable\13. HashTable.vcxproj", "{42427D21-FE57-496A-83EE-D9366A6BA696}"
EndProject
Project("{8BC9CEB8-8B4A-11D0-8D11-00A0C91BC942}") = "14. SelectionSort", "14. SelectionSort\14. SelectionSort.vcxproj", "{CC1277A4-2B0E-4FA3-A4D9-8189F1BDA38D}"
EndProject
Project("{8BC9CEB8-8B4A-11D0-8D11-00A0C91BC942}") = "15. InsertionSort", "15. InsertionSort\15. InsertionSort.vcxproj", "{8D1AB772-A702-4272-80CD-7F913B0EAD0D}"
EndProject
Global
	GlobalSection(SolutionConfigurationPlatforms) = preSolution
		Debug|x64 = Debug|x64
		Debug|x86 = Debug|x86
		Release|x64 = Release|x64
		Release|x86 = Release|x86
	EndGlobalSection
	GlobalSection(ProjectConfigurationPlatforms) = postSolution
		{05592561-15AF-4004-95FE-1B391895F469}.Debug|x64.ActiveCfg = Debug|x64
		{05592561-15AF-4004-95FE-1B391895F469}.Debug|x64.Build.0 = Debug|x64
		{05592561-15AF-4004-95FE-1B391895F469}.Debug|x86.ActiveCfg = Debug|Win32
		{05592561-15AF-4004-95FE-1B391895F469}.Debug|x86.Build.0 = Debug|Win32
		{05592561-15AF-4004-95FE-1B391895F469}.Release|x64.ActiveCfg = Release|x64
		{05592561-15AF-4004-95FE-1B391895F469}.Release|x64.Build.0 = Release|x64
		{05592561-15AF-4004-95FE-1B391895F469}.Release|x86.ActiveCfg = Release|Win32
		{05592561-15AF-4004-95FE-1B391895F469}.Release|x86.Build.0 = Release|Win32
		{0529ACE5-82AC-4D7F-B8C8-08E0024770F8}.Debug|x64.ActiveCfg = Debug|x64
		{0529ACE5-82AC-4D7F-B8C8-08E0024770F8}.Debug|x64.Build.0 = Debug|x64
		{0529ACE5-82AC-4D7F-B8C8-08E0024770F8}.Debug|x86.ActiveCfg = Debug|Win32
		{0529ACE5-82AC-4D7F-B8C8-08E0024770F8}.Debug|x86.Build.0 = Debug|Win32
		{0529ACE5-82AC-4D7F-B8C8-08E0024770F8}.Release|x64.ActiveCfg = Release|x64
		{0529ACE5-82AC-4D7F-B8C8-08E0024770F8}.Release|x64.Build.0 = Release|x64
		{0529ACE5-82AC-4D7F-B8C8-08E0024770F8}.Release|x86.ActiveCfg = Release|Win32
		{0529ACE5-82AC-4D7F-B8C8-08E0024770F8}.Release|x86.Build.0 = Release|Win32
		{8A8695F9-1B03-422F-B0D6-3AE0F665924D}.Debug|x64.ActiveCfg = Debug|x64
		{8A8695F9-1B03-422F-B0D6-3AE0F665924D}.Debug|x64.Build.0 = Debug|x64
		{8A8695F9-1B03-422F-B0D6-3AE0F665924D}.Debug|x86.ActiveCfg = Debug|Win32
		{8A8695F9-1B03-422F-B0D6-3AE0F665924D}.Debug|x86.Build.0 = Debug|Win32
		{8A8695F9-1B03-422F-B0D6-3AE0F665924D}.Release|x64.ActiveCfg = Release|x64
		{8A8695F9-1B03-422F-B0D6-3AE0F665924D}.Release|x64.Build.0 = Release|x64
		{8A8695F9-1B03-422F-B0D6-3AE0F665924D}.Release|x86.ActiveCfg = Release|Win32
		{8A8695F9-1B03-422F-B0D6-3AE0F665924D}.Release|x86.Build.0 = Release|Win32
		{60217193-95CE-4F19-A28F-A470D6A87D6C}.Debug|x64.ActiveCfg = Debug|x64
		{60217193-95CE-4F19-A28F-A470D6A87D6C}.Debug|x64.Build.0 = Debug|x64
		{60217193-95CE-4F19-A28F-A470D6A87D6C}.Debug|x86.ActiveCfg = Debug|Win32
		{60217193-95CE-4F19-A28F-A470D6A87D6C}.Debug|x86.Build.0 = Debug|Win32
		{60217193-95CE-4F19-A28F-A470D6A87D6C}.Release|x64.ActiveCfg = Release|x64
		{60217193-95CE-4F19-A28F-A470D6A87D6C}.Release|x64.Build.0 = Release|x64
		{60217193-95CE-4F19-A28F-A470D6A87D6C}.Release|x86.ActiveCfg = Release|Win32
		{60217193-95CE-4F19-A28F-A470D6A87D6C}.Release|x86.Build.0 = Release|Win32
		{AFB451CA-68A0-4124-95BC-9749EB3CC88E}.Debug|x64.ActiveCfg = Debug|x64
		{AFB451CA-68A0-4124-95BC-9749EB3CC88E}.Debug|x64.Build.0 = Debug|x64
		{AFB451CA-68A0-4124-95BC-9749EB3CC88E}.Debug|x86.ActiveCfg = Debug|Win32
		{AFB451CA-68A0-4124-95BC-9749EB3CC88E}.Debug|x86.Build.0 = Debug|Win32
		{AFB451CA-68A0-4124-95BC-9749EB3CC88E}.Release|x64.ActiveCfg = Release|x64
		{AFB451CA-68A0-4124-95BC-9749EB3CC88E}.Release|x64.Build.0 = Release|x64
		{AFB451CA-68A0-4124-95BC-9749EB3CC88E}.Release|x86.ActiveCfg = Release|Win32
		{AFB451CA-68A0-4124-95BC-9749EB3CC88E}.Release|x86.Build.0 = Release|Win32
		{C633086A-21B7-4747-8AFA-0F9E504D843F}.Debug|x64.ActiveCfg = Debug|x64
		{C633086A-21B7-4747-8AFA-0F9E504D843F}.Debug|x64.Build.0 = Debug|x64
		{C633086A-21B7-4747-8AFA-0F9E504D843F}.Debug|x86.ActiveCfg = Debug|Win32
		{C633086A-21B7-4747-8AFA-0F9E504D843F}.Debug|x86.Build.0 = Debug|Win32
		{C633086A-21B7-4747-8AFA-0F9E504D843F}.Release|x64.ActiveCfg = Release|x64
		{C633086A-21B7-4747-8AFA-0F9E504D843F}.Release|x64.Build.0 = Release|x64
		{C633086A-21B7-4747-8AFA-0F9E504D843F}.Release|x86.ActiveCfg = Release|Win32
		{C633086A-21B7-4747-8AFA-0F9E504D843F}.Release|x86.Build.0 = Release|Win32
		{DD838F5E-27E3-4CEC-A53E-5174B5679DBE}.Debug|x64.ActiveCfg = Debug|x64
		{DD838F5E-27E3-4CEC-A53E-5174B5679DBE}.Debug|x64.Build.0 = Debug|x64
		{DD838F5E-27E3-4CEC-A53E-5174B5679DBE}.Debug|x86.ActiveCfg = Debug|Win32
		{DD838F5E-27E3-4CEC-A53E-5174B5679DBE}.Debug|x86.Build.0 = Debug|Win32
		{DD838F5E-27E3-4CEC-A53E-5174B5679DBE}.Release|x64.ActiveCfg = Release|x64
		{DD838F5E-27E3-4CEC-A53E-5174B5679DBE}.Release|x64.Build.0 = Release|x64
		{DD838F5E-27E3-4CEC-A53E-5174B5679DBE}.Release|x86.ActiveCfg = Release|Win32
		{DD838F5E-27E3-4CEC-A53E-5174B5679DBE}.Release|x86.Build.0 = Release|Win32
		{00018C0B-57F3-4A11-B436-7509D4FE90DE}.Debug|x64.ActiveCfg = Debug|x64
		{00018C0B-57F3-4A11-B436-7509D4FE90DE}.Debug|x64.Build.0 = Debug|x64
		{00018C0B-57F3-4A11-B436-7509D4FE90DE}.Debug|x86.ActiveCfg = Debug|Win32
		{00018C0B-57F3-4A11-B436-7509D4FE90DE}.Debug|x86.Build.0 = Debug|Win32
		{00018C0B-57F3-4A11-B436-7509D4FE90DE}.Release|x64.ActiveCfg = Release|x64
		{00018C0B-57F3-4A11-B436-7509D4FE90DE}.Release|x64.Build.0 = Release|x64
		{00018C0B-57F3-4A11-B436-7509D4FE90DE}.Release|x86.ActiveCfg = Release|Win32
		{00018C0B-57F3-4A11-B436-7509D4FE90DE}.Release|x86.Build.0 = Release|Win32
		{B368D77E-A9B9-42D9-9F3B-61C92A63A8C3}.Debug|x64.ActiveCfg = Debug|x64
		{B368D77E-A9B9-42D9-9F3B-61C92A63A8C3}.Debug|x64.Build.0 = Debug|x64
		{B368D77E-A9B9-42D9-9F3B-61C92A63A8C3}.Debug|x86.ActiveCfg = Debug|Win32
		{B368D77E-A9B9-42D9-9F3B-61C92A63A8C3}.Debug|x86.Build.0 = Debug|Win32
		{B368D77E-A9B9-42D9-9F3B-61C92A63A8C3}.Release|x64.ActiveCfg = Release|x64
		{B368D77E-A9B9-42D9-9F3B-61C92A63A8C3}.Release|x64.Build.0 = Release|x64
		{B368D77E-A9B9-42D9-9F3B-61C92A63A8C3}.Release|x86.ActiveCfg = Release|Win32
		{B368D77E-A9B9-42D9-9F3B-61C92A63A8C3}.Release|x86.Build.0 = Release|Win32
		{B98C99EE-4ABF-49BA-B2CA-F87305EB6E75}.Debug|x64.ActiveCfg = Debug|x64
		{B98C99EE-4ABF-49BA-B2CA-F87305EB6E75}.Debug|x64.Build.0 = Debug|x64
		{B98C99EE-4ABF-49BA-B2CA-F87305EB6E75}.Debug|x86.ActiveCfg = Debug|Win32
		{B98C99EE-4ABF-49BA-B2CA-F87305EB6E75}.Debug|x86.Build.0 = Debug|Win32
		{B98C99EE-4ABF-49BA-B2CA-F87305EB6E75}.Release|x64.ActiveCfg = Release|x64
		{B98C99EE-4ABF-49BA-B2CA-F87305EB6E75}.Release|x64.Build.0 = Release|x64
		{B98C99EE-4ABF-49BA-B2CA-F87305EB6E75}.Release|x86.ActiveCfg = Release|Win32
		{B98C99EE-4ABF-49BA-B2CA-F87305EB6E75}.Release|x86.Build.0 = Release|Win32
		{A824F514-3103-4B08-89BC-D6C9C13D5269}.Debug|x64.ActiveCfg = Debug|x64
		{A824F514-3103-4B08-89BC-D6C9C13D5269}.Debug|x64.Build.0 = Debug|x64
		{A824F514-3103-4B08-89BC-D6C9C13D5269}.Debug|x86.ActiveCfg = Debug|Win32
		{A824F514-3103-4B08-89BC-D6C9C13D5269}.Debug|x86.Build.0 = Debug|Win32
		{A824F514-3103-4B08-89BC-D6C9C13D5269}.Release|x64.ActiveCfg = Release|x64
		{A824F514-3103-4B08-89BC-D6C9C13D5269}.Release|x64.Build.0 = Release|x64
		{A824F514-3103-4B08-89BC-D6C9C13D5269}.Release|x86.ActiveCfg = Release|Win32
		{A824F514-3103-4B08-89BC-D6C9C13D5269}.Release|x86.Build.0 = Release|Win32
		{5F2BF729-A64C-4380-9190-0575333F05C9}.Debug|x64.ActiveCfg = Debug|x64
		{5F2BF729-A64C-4380-9190-0575333F05C9}.Debug|x64.Build.0 = Debug|x64
		{5F2BF729-A64C-4380-9190-0575333F05C9}.Debug|x86.ActiveCfg = Debug|Win32
		{5F2BF729-A64C-4380-9190-0575333F05C9}.Debug|x86.Build.0 = Debug|Win32
		{5F2BF729-A64C-4380-9190-0575333F05C9}.Release|x64.ActiveCfg = Release|x64
		{5F2BF729-A64C-4380-9190-0575333F05C9}.Release|x64.Build.0 = Release|x64
		{5F2BF729-A64C-4380-9190-0575333F05C9}.Release|x86.ActiveCfg = Release|Win32
		{5F2BF729-A64C-4380-9190-0575333F05C9}.Release|x86.Build.0 = Release|Win32
		{E89D720B-9E8F-4E9B-BBFE-33B507FE972F}.Debug|x64.ActiveCfg = Debug|x64
		{E89D720B-9E8F-4E9B-BBFE-33B507FE972F}.Debug|x64.Build.0 = Debug|x64
		{E89D720B-9E8F-4E9B-BBFE-33B507FE972F}.Debug|x86.ActiveCfg = Debug|Win32
		{E89D720B-9E8F-4E9B-BBFE-33B507FE972F}.Debug|x86.Build.0 = Debug|Win32
		{E89D720B-9E8F-4E9B-BBFE-33B507FE972F}.Release|x64.ActiveCfg = Release|x64
		{E89D720B-9E8F-4E9B-BBFE-33B507FE972F}.Release|x64.Build.0 = Release|x64
		{E89D720B-9E8F-4E9B-BBFE-33B507FE972F}.Release|x86.ActiveCfg = Release|Win32
		{E89D720B-9E8F-4E9B-BBFE-33B507FE972F}.Release|x86.Build.0 = Release|Win32
		{42427D21-FE57-496A-83EE-D9366A6BA696}.Debug|x64.ActiveCfg = Debug|x64
		{42427D21-FE57-496A-83EE-D9366A6BA696}.Debug|x64.Build.0 = Debug|x64
		{42427D21-FE57-496A-83EE-D9366A6BA696}.Debug|x86.ActiveCfg = Debug|Win32
		{42427D21-FE57-496A-83EE-D9366A6BA696}.Debug|x86.Build.0 = Debug|Win32
		{42427D21-FE57-496A-83EE-D9366A6BA696}.Release|x64.ActiveCfg = Release|x64
		{42427D21-FE57-496A-83EE-D9366A6BA696}.Release|x64.Build.0 = Release|x64
		{42427D21-FE57-496A-83EE-D9366A6BA696}.Release|x86.ActiveCfg = Release|Win32
		{42427D21-FE57-496A-83EE-D9366A6BA696}.Release|x86.Build.0 = Release|Win32
		{CC1277A4-2B0E-4FA3-A4D9-8189F1BDA38D}.Debug|x64.ActiveCfg = Debug|x64
		{CC1277A4-2B0E-4FA3-A4D9-8189F1BDA38D}.Debug|x64.Build.0 = Debug|x64
		{CC1277A4-2B0E-4FA3-A4D9-8189F1BDA38D}.Debug|x86.ActiveCfg = Debug|Win32
		{CC1277A4-2B0E-4FA3-A4D9-8189F1BDA38D}.Debug|x86.Build.0 = Debug|Win32
		{CC1277A4-2B0E-4FA3-A4D9-8189F1BDA38D}.Release|x64.ActiveCfg = Release|x64
		{CC1277A4-2B0E-4FA3-A4D9-8189F1BDA38D}.Release|x64.Build.0 = Release|x64
		{CC1277A4-2B0E-4FA3-A4D9-8189F1BDA38D}.Release|x86.ActiveCfg = Release|Win32
		{CC1277A4-2B0E-4FA3-A4D9-8189F1BDA38D}.Release|x86.Build.0 = Release|Win32
		{8D1AB772-A702-4272-80CD-7F913B0EAD0D}.Debug|x64.ActiveCfg = Debug|x64
		{8D1AB772-A702-4272-80CD-7F913B0EAD0D}.Debug|x64.Build.0 = Debug|x64
		{8D1AB772-A702-4272-80CD-7F913B0EAD0D}.Debug|x86.ActiveCfg = Debug|Win32
		{8D1AB772-A702-4272-80CD-7F913B0EAD0D}.Debug|x86.Build.0 = Debug|Win32
		{8D1AB772-A702-4272-80CD-7F913B0EAD0D}.Release|x64.ActiveCfg = Release|x64
		{8D1AB772-A702-4272-80CD-7F913B0EAD0D}.Release|x64.Build.0 = Release|x64
		{8D1AB772-A702-4272-80CD-7F913B0EAD0D}.Release|x86.ActiveCfg = Release|Win32
		{8D1AB772-A702-4272-80CD-7F913B0EAD0D}.Release|x86.Build.0 = Release|Win32
	EndGlobalSection
	GlobalSection(SolutionProperties) = preSolution
		HideSolutionNode = FALSE
	EndGlobalSection
	GlobalSection(ExtensibilityGlobals) = postSolution
		SolutionGuid = {BED19895-8102-41FD-80F7-8FED1929F5E0}
	EndGlobalSection
EndGlobal
